github.com/golang/protobuf v1.3.2/go.mod h1:6lQm79b+lXiMfvg/cZm0SGofjICqVBUtrP5yJMmIC1U=
github.com/teris-io/shortid v0.0.0-20160104014424-6c56cef5189c h1:MhdkG8ygXqjOGDouO0R1lIaXd4ZDMLhbO+rpzLmwe7Q=
github.com/teris-io/shortid v0.0.0-20160104014424-6c56cef5189c/go.mod h1:M8agBzgqHIhgj7wEn9/0hJUZcrvt9VY+Ln+S1I5Mha0=
github.com/ventu-io/go-shortid v0.0.0-20171029131806-771a37caa5cf h1:cgAKVljim9RJRcJNGjnBUajXj1FupBSdWwW4JaQG7vk=
github.com/ventu-io/go-shortid v0.0.0-20171029131806-771a37caa5cf/go.mod h1:6rZqAOk/eYX5FJyjQJ6Z3RBSN389IXX2ijwW4FcggaM=
